
Microsoft Visual Studio Solution File, Format Version 12.00
# Visual Studio Version 16
VisualStudioVersion = 16.0.32929.386
MinimumVisualStudioVersion = 10.0.40219.1
Project("{FAE04EC0-301F-11D3-BF4B-00C04F79EFBC}") = "PainKillerWeb", "PainKillerWeb\PainKillerWeb.csproj", "{337B8059-F1E1-486C-9CD2-8B0C8E1D38D0}"
EndProject
Global
	GlobalSection(SolutionConfigurationPlatforms) = preSolution
		Debug|Any CPU = Debug|Any CPU
		Release|Any CPU = Release|Any CPU
	EndGlobalSection
	GlobalSection(ProjectConfigurationPlatforms) = postSolution
		{337B8059-F1E1-486C-9CD2-8B0C8E1D38D0}.Debug|Any CPU.ActiveCfg = Debug|Any CPU
		{337B8059-F1E1-486C-9CD2-8B0C8E1D38D0}.Debug|Any CPU.Build.0 = Debug|Any CPU
		{337B8059-F1E1-486C-9CD2-8B0C8E1D38D0}.Release|Any CPU.ActiveCfg = Release|Any CPU
		{337B8059-F1E1-486C-9CD2-8B0C8E1D38D0}.Release|Any CPU.Build.0 = Release|Any CPU
	EndGlobalSection
	GlobalSection(SolutionProperties) = preSolution
		HideSolutionNode = FALSE
	EndGlobalSection
	GlobalSection(ExtensibilityGlobals) = postSolution
		SolutionGuid = {4CAE0D78-AE79-4E1E-A906-67753D0D56CC}
	EndGlobalSection
EndGlobal
